
Microsoft Visual Studio Solution File, Format Version 12.00
# Visual Studio Version 17
VisualStudioVersion = 17.0.32014.148
MinimumVisualStudioVersion = 15.0.26124.0
Project("{2150E333-8FDC-42A3-9474-1A3956D46DE8}") = "build", "build", "{71ABC5AB-083D-4FAB-80B8-F344BC633100}"
	ProjectSection(SolutionItems) = preProject
		.gitattributes = .gitattributes
		.gitignore = .gitignore
		azure-pipelines.yml = azure-pipelines.yml
		Directory.Build.props = Directory.Build.props
		LICENSE = LICENSE
		NuGet.config = NuGet.config
		build\NugetPackage.Backend.props = build\NugetPackage.Backend.props
		build\NugetPackage.Common.props = build\NugetPackage.Common.props
		build\NugetPackage.props = build\NugetPackage.props
		README.md = README.md
	EndProjectSection
EndProject
Project("{2150E333-8FDC-42A3-9474-1A3956D46DE8}") = "src", "src", "{37978533-6CEF-46D7-8A00-D4C403E9A1BD}"
EndProject
Project("{2150E333-8FDC-42A3-9474-1A3956D46DE8}") = "test", "test", "{ADA4B71F-A85F-44D6-969A-976C34A660A5}"
EndProject
Project("{9A19103F-16F7-4668-BE54-9A1E7A4F7556}") = "SatelliteSite.Host", "src\Host\SatelliteSite.Host.csproj", "{AEB94C66-A8F2-4684-BE2F-8D464A512DC4}"
EndProject
Project("{9A19103F-16F7-4668-BE54-9A1E7A4F7556}") = "SatelliteSite.PolygonModule", "src\Module\SatelliteSite.PolygonModule.csproj", "{3F5C4937-8C82-40E6-861D-1678F08F171D}"
EndProject
Project("{9A19103F-16F7-4668-BE54-9A1E7A4F7556}") = "Polygon.Abstraction", "src\Abstraction\Polygon.Abstraction.csproj", "{51DE2D04-D85D-4B4B-B430-4C426A0EA505}"
EndProject
Project("{9A19103F-16F7-4668-BE54-9A1E7A4F7556}") = "Polygon.DataAccess", "src\DataAccess\Polygon.DataAccess.csproj", "{DCCB613C-C11E-45FA-8AA6-002BE8C3A973}"
EndProject
Project("{9A19103F-16F7-4668-BE54-9A1E7A4F7556}") = "Polygon.Packaging", "src\Packaging\Polygon.Packaging.csproj", "{48B8FFCA-410D-4CE8-9E97-51FDBBE83D6C}"
EndProject
Project("{9A19103F-16F7-4668-BE54-9A1E7A4F7556}") = "Polygon.Packaging.Tests", "test\Polygon.Packaging.Tests\Polygon.Packaging.Tests.csproj", "{6A57912B-2A19-4EFE-BCDE-755FBA54BB3D}"
EndProject
Project("{9A19103F-16F7-4668-BE54-9A1E7A4F7556}") = "Polygon.Judgement.Requests", "src\Judgement\Polygon.Judgement.Requests.csproj", "{97429320-0017-4356-92DF-CAE200F04BA1}"
EndProject
Project("{9A19103F-16F7-4668-BE54-9A1E7A4F7556}") = "Polygon.Seeds", "src\Seeds\Polygon.Seeds.csproj", "{03F09C87-D08C-4316-AACA-248862655640}"
EndProject
Project("{9A19103F-16F7-4668-BE54-9A1E7A4F7556}") = "Polygon.TagHelpers", "src\TagHelpers\Polygon.TagHelpers.csproj", "{75ACD3B7-57C3-4438-AEF2-B7CD363F1D51}"
EndProject
Project("{9A19103F-16F7-4668-BE54-9A1E7A4F7556}") = "Polygon.Judgement.Daemon.Fake", "test\FakeJudgehost\Polygon.Judgement.Daemon.Fake.csproj", "{1DCD22FD-1818-4C77-A024-DC5E5E6482D4}"
EndProject
Project("{9A19103F-16F7-4668-BE54-9A1E7A4F7556}") = "Polygon.Judgement.Integration.Tests", "test\Polygon.Judgement.Tests\Polygon.Judgement.Integration.Tests.csproj", "{03D01FCD-A55A-4332-88FA-659744E1FA44}"
EndProject
Project("{9A19103F-16F7-4668-BE54-9A1E7A4F7556}") = "Polygon.Judgement.Daemon.FakeSeed", "test\FakeJudgehost.DataExtensions\Polygon.Judgement.Daemon.FakeSeed.csproj", "{B8AFA199-0F4A-4103-9888-2C6D54AAE867}"
EndProject
Project("{9A19103F-16F7-4668-BE54-9A1E7A4F7556}") = "Polygon.Judgement.Daemon", "src\JudgeDaemon\Polygon.Judgement.Daemon.csproj", "{63CE2892-E223-45DE-8A03-06C8F46D0036}"
EndProject
Global
	GlobalSection(SolutionConfigurationPlatforms) = preSolution
		Debug|Any CPU = Debug|Any CPU
		Debug|x64 = Debug|x64
		Debug|x86 = Debug|x86
		Release|Any CPU = Release|Any CPU
		Release|x64 = Release|x64
		Release|x86 = Release|x86
	EndGlobalSection
	GlobalSection(ProjectConfigurationPlatforms) = postSolution
		{AEB94C66-A8F2-4684-BE2F-8D464A512DC4}.Debug|Any CPU.ActiveCfg = Debug|Any CPU
		{AEB94C66-A8F2-4684-BE2F-8D464A512DC4}.Debug|Any CPU.Build.0 = Debug|Any CPU
		{AEB94C66-A8F2-4684-BE2F-8D464A512DC4}.Debug|x64.ActiveCfg = Debug|Any CPU
		{AEB94C66-A8F2-4684-BE2F-8D464A512DC4}.Debug|x64.Build.0 = Debug|Any CPU
		{AEB94C66-A8F2-4684-BE2F-8D464A512DC4}.Debug|x86.ActiveCfg = Debug|Any CPU
		{AEB94C66-A8F2-4684-BE2F-8D464A512DC4}.Debug|x86.Build.0 = Debug|Any CPU
		{AEB94C66-A8F2-4684-BE2F-8D464A512DC4}.Release|Any CPU.ActiveCfg = Release|Any CPU
		{AEB94C66-A8F2-4684-BE2F-8D464A512DC4}.Release|Any CPU.Build.0 = Release|Any CPU
		{AEB94C66-A8F2-4684-BE2F-8D464A512DC4}.Release|x64.ActiveCfg = Release|Any CPU
		{AEB94C66-A8F2-4684-BE2F-8D464A512DC4}.Release|x64.Build.0 = Release|Any CPU
		{AEB94C66-A8F2-4684-BE2F-8D464A512DC4}.Release|x86.ActiveCfg = Release|Any CPU
		{AEB94C66-A8F2-4684-BE2F-8D464A512DC4}.Release|x86.Build.0 = Release|Any CPU
		{3F5C4937-8C82-40E6-861D-1678F08F171D}.Debug|Any CPU.ActiveCfg = Debug|Any CPU
		{3F5C4937-8C82-40E6-861D-1678F08F171D}.Debug|Any CPU.Build.0 = Debug|Any CPU
		{3F5C4937-8C82-40E6-861D-1678F08F171D}.Debug|x64.ActiveCfg = Debug|Any CPU
		{3F5C4937-8C82-40E6-861D-1678F08F171D}.Debug|x64.Build.0 = Debug|Any CPU
		{3F5C4937-8C82-40E6-861D-1678F08F171D}.Debug|x86.ActiveCfg = Debug|Any CPU
		{3F5C4937-8C82-40E6-861D-1678F08F171D}.Debug|x86.Build.0 = Debug|Any CPU
		{3F5C4937-8C82-40E6-861D-1678F08F171D}.Release|Any CPU.ActiveCfg = Release|Any CPU
		{3F5C4937-8C82-40E6-861D-1678F08F171D}.Release|Any CPU.Build.0 = Release|Any CPU
		{3F5C4937-8C82-40E6-861D-1678F08F171D}.Release|x64.ActiveCfg = Release|Any CPU
		{3F5C4937-8C82-40E6-861D-1678F08F171D}.Release|x64.Build.0 = Release|Any CPU
		{3F5C4937-8C82-40E6-861D-1678F08F171D}.Release|x86.ActiveCfg = Release|Any CPU
		{3F5C4937-8C82-40E6-861D-1678F08F171D}.Release|x86.Build.0 = Release|Any CPU
		{51DE2D04-D85D-4B4B-B430-4C426A0EA505}.Debug|Any CPU.ActiveCfg = Debug|Any CPU
		{51DE2D04-D85D-4B4B-B430-4C426A0EA505}.Debug|Any CPU.Build.0 = Debug|Any CPU
		{51DE2D04-D85D-4B4B-B430-4C426A0EA505}.Debug|x64.ActiveCfg = Debug|Any CPU
		{51DE2D04-D85D-4B4B-B430-4C426A0EA505}.Debug|x64.Build.0 = Debug|Any CPU
		{51DE2D04-D85D-4B4B-B430-4C426A0EA505}.Debug|x86.ActiveCfg = Debug|Any CPU
		{51DE2D04-D85D-4B4B-B430-4C426A0EA505}.Debug|x86.Build.0 = Debug|Any CPU
		{51DE2D04-D85D-4B4B-B430-4C426A0EA505}.Release|Any CPU.ActiveCfg = Release|Any CPU
		{51DE2D04-D85D-4B4B-B430-4C426A0EA505}.Release|Any CPU.Build.0 = Release|Any CPU
		{51DE2D04-D85D-4B4B-B430-4C426A0EA505}.Release|x64.ActiveCfg = Release|Any CPU
		{51DE2D04-D85D-4B4B-B430-4C426A0EA505}.Release|x64.Build.0 = Release|Any CPU
		{51DE2D04-D85D-4B4B-B430-4C426A0EA505}.Release|x86.ActiveCfg = Release|Any CPU
		{51DE2D04-D85D-4B4B-B430-4C426A0EA505}.Release|x86.Build.0 = Release|Any CPU
		{DCCB613C-C11E-45FA-8AA6-002BE8C3A973}.Debug|Any CPU.ActiveCfg = Debug|Any CPU
		{DCCB613C-C11E-45FA-8AA6-002BE8C3A973}.Debug|Any CPU.Build.0 = Debug|Any CPU
		{DCCB613C-C11E-45FA-8AA6-002BE8C3A973}.Debug|x64.ActiveCfg = Debug|Any CPU
		{DCCB613C-C11E-45FA-8AA6-002BE8C3A973}.Debug|x64.Build.0 = Debug|Any CPU
		{DCCB613C-C11E-45FA-8AA6-002BE8C3A973}.Debug|x86.ActiveCfg = Debug|Any CPU
		{DCCB613C-C11E-45FA-8AA6-002BE8C3A973}.Debug|x86.Build.0 = Debug|Any CPU
		{DCCB613C-C11E-45FA-8AA6-002BE8C3A973}.Release|Any CPU.ActiveCfg = Release|Any CPU
		{DCCB613C-C11E-45FA-8AA6-002BE8C3A973}.Release|Any CPU.Build.0 = Release|Any CPU
		{DCCB613C-C11E-45FA-8AA6-002BE8C3A973}.Release|x64.ActiveCfg = Release|Any CPU
		{DCCB613C-C11E-45FA-8AA6-002BE8C3A973}.Release|x64.Build.0 = Release|Any CPU
		{DCCB613C-C11E-45FA-8AA6-002BE8C3A973}.Release|x86.ActiveCfg = Release|Any CPU
		{DCCB613C-C11E-45FA-8AA6-002BE8C3A973}.Release|x86.Build.0 = Release|Any CPU
		{48B8FFCA-410D-4CE8-9E97-51FDBBE83D6C}.Debug|Any CPU.ActiveCfg = Debug|Any CPU
		{48B8FFCA-410D-4CE8-9E97-51FDBBE83D6C}.Debug|Any CPU.Build.0 = Debug|Any CPU
		{48B8FFCA-410D-4CE8-9E97-51FDBBE83D6C}.Debug|x64.ActiveCfg = Debug|Any CPU
		{48B8FFCA-410D-4CE8-9E97-51FDBBE83D6C}.Debug|x64.Build.0 = Debug|Any CPU
		{48B8FFCA-410D-4CE8-9E97-51FDBBE83D6C}.Debug|x86.ActiveCfg = Debug|Any CPU
		{48B8FFCA-410D-4CE8-9E97-51FDBBE83D6C}.Debug|x86.Build.0 = Debug|Any CPU
		{48B8FFCA-410D-4CE8-9E97-51FDBBE83D6C}.Release|Any CPU.ActiveCfg = Release|Any CPU
		{48B8FFCA-410D-4CE8-9E97-51FDBBE83D6C}.Release|Any CPU.Build.0 = Release|Any CPU
		{48B8FFCA-410D-4CE8-9E97-51FDBBE83D6C}.Release|x64.ActiveCfg = Release|Any CPU
		{48B8FFCA-410D-4CE8-9E97-51FDBBE83D6C}.Release|x64.Build.0 = Release|Any CPU
		{48B8FFCA-410D-4CE8-9E97-51FDBBE83D6C}.Release|x86.ActiveCfg = Release|Any CPU
		{48B8FFCA-410D-4CE8-9E97-51FDBBE83D6C}.Release|x86.Build.0 = Release|Any CPU
		{6A57912B-2A19-4EFE-BCDE-755FBA54BB3D}.Debug|Any CPU.ActiveCfg = Debug|Any CPU
		{6A57912B-2A19-4EFE-BCDE-755FBA54BB3D}.Debug|Any CPU.Build.0 = Debug|Any CPU
		{6A57912B-2A19-4EFE-BCDE-755FBA54BB3D}.Debug|x64.ActiveCfg = Debug|Any CPU
		{6A57912B-2A19-4EFE-BCDE-755FBA54BB3D}.Debug|x64.Build.0 = Debug|Any CPU
		{6A57912B-2A19-4EFE-BCDE-755FBA54BB3D}.Debug|x86.ActiveCfg = Debug|Any CPU
		{6A57912B-2A19-4EFE-BCDE-755FBA54BB3D}.Debug|x86.Build.0 = Debug|Any CPU
		{6A57912B-2A19-4EFE-BCDE-755FBA54BB3D}.Release|Any CPU.ActiveCfg = Release|Any CPU
		{6A57912B-2A19-4EFE-BCDE-755FBA54BB3D}.Release|Any CPU.Build.0 = Release|Any CPU
		{6A57912B-2A19-4EFE-BCDE-755FBA54BB3D}.Release|x64.ActiveCfg = Release|Any CPU
		{6A57912B-2A19-4EFE-BCDE-755FBA54BB3D}.Release|x64.Build.0 = Release|Any CPU
		{6A57912B-2A19-4EFE-BCDE-755FBA54BB3D}.Release|x86.ActiveCfg = Release|Any CPU
		{6A57912B-2A19-4EFE-BCDE-755FBA54BB3D}.Release|x86.Build.0 = Release|Any CPU
		{97429320-0017-4356-92DF-CAE200F04BA1}.Debug|Any CPU.ActiveCfg = Debug|Any CPU
		{97429320-0017-4356-92DF-CAE200F04BA1}.Debug|Any CPU.Build.0 = Debug|Any CPU
		{97429320-0017-4356-92DF-CAE200F04BA1}.Debug|x64.ActiveCfg = Debug|Any CPU
		{97429320-0017-4356-92DF-CAE200F04BA1}.Debug|x64.Build.0 = Debug|Any CPU
		{97429320-0017-4356-92DF-CAE200F04BA1}.Debug|x86.ActiveCfg = Debug|Any CPU
		{97429320-0017-4356-92DF-CAE200F04BA1}.Debug|x86.Build.0 = Debug|Any CPU
		{97429320-0017-4356-92DF-CAE200F04BA1}.Release|Any CPU.ActiveCfg = Release|Any CPU
		{97429320-0017-4356-92DF-CAE200F04BA1}.Release|Any CPU.Build.0 = Release|Any CPU
		{97429320-0017-4356-92DF-CAE200F04BA1}.Release|x64.ActiveCfg = Release|Any CPU
		{97429320-0017-4356-92DF-CAE200F04BA1}.Release|x64.Build.0 = Release|Any CPU
		{97429320-0017-4356-92DF-CAE200F04BA1}.Release|x86.ActiveCfg = Release|Any CPU
		{97429320-0017-4356-92DF-CAE200F04BA1}.Release|x86.Build.0 = Release|Any CPU
		{03F09C87-D08C-4316-AACA-248862655640}.Debug|Any CPU.ActiveCfg = Debug|Any CPU
		{03F09C87-D08C-4316-AACA-248862655640}.Debug|Any CPU.Build.0 = Debug|Any CPU
		{03F09C87-D08C-4316-AACA-248862655640}.Debug|x64.ActiveCfg = Debug|Any CPU
		{03F09C87-D08C-4316-AACA-248862655640}.Debug|x64.Build.0 = Debug|Any CPU
		{03F09C87-D08C-4316-AACA-248862655640}.Debug|x86.ActiveCfg = Debug|Any CPU
		{03F09C87-D08C-4316-AACA-248862655640}.Debug|x86.Build.0 = Debug|Any CPU
		{03F09C87-D08C-4316-AACA-248862655640}.Release|Any CPU.ActiveCfg = Release|Any CPU
		{03F09C87-D08C-4316-AACA-248862655640}.Release|Any CPU.Build.0 = Release|Any CPU
		{03F09C87-D08C-4316-AACA-248862655640}.Release|x64.ActiveCfg = Release|Any CPU
		{03F09C87-D08C-4316-AACA-248862655640}.Release|x64.Build.0 = Release|Any CPU
		{03F09C87-D08C-4316-AACA-248862655640}.Release|x86.ActiveCfg = Release|Any CPU
		{03F09C87-D08C-4316-AACA-248862655640}.Release|x86.Build.0 = Release|Any CPU
		{75ACD3B7-57C3-4438-AEF2-B7CD363F1D51}.Debug|Any CPU.ActiveCfg = Debug|Any CPU
		{75ACD3B7-57C3-4438-AEF2-B7CD363F1D51}.Debug|Any CPU.Build.0 = Debug|Any CPU
		{75ACD3B7-57C3-4438-AEF2-B7CD363F1D51}.Debug|x64.ActiveCfg = Debug|Any CPU
		{75ACD3B7-57C3-4438-AEF2-B7CD363F1D51}.Debug|x64.Build.0 = Debug|Any CPU
		{75ACD3B7-57C3-4438-AEF2-B7CD363F1D51}.Debug|x86.ActiveCfg = Debug|Any CPU
		{75ACD3B7-57C3-4438-AEF2-B7CD363F1D51}.Debug|x86.Build.0 = Debug|Any CPU
		{75ACD3B7-57C3-4438-AEF2-B7CD363F1D51}.Release|Any CPU.ActiveCfg = Release|Any CPU
		{75ACD3B7-57C3-4438-AEF2-B7CD363F1D51}.Release|Any CPU.Build.0 = Release|Any CPU
		{75ACD3B7-57C3-4438-AEF2-B7CD363F1D51}.Release|x64.ActiveCfg = Release|Any CPU
		{75ACD3B7-57C3-4438-AEF2-B7CD363F1D51}.Release|x64.Build.0 = Release|Any CPU
		{75ACD3B7-57C3-4438-AEF2-B7CD363F1D51}.Release|x86.ActiveCfg = Release|Any CPU
		{75ACD3B7-57C3-4438-AEF2-B7CD363F1D51}.Release|x86.Build.0 = Release|Any CPU
		{1DCD22FD-1818-4C77-A024-DC5E5E6482D4}.Debug|Any CPU.ActiveCfg = Debug|Any CPU
		{1DCD22FD-1818-4C77-A024-DC5E5E6482D4}.Debug|Any CPU.Build.0 = Debug|Any CPU
		{1DCD22FD-1818-4C77-A024-DC5E5E6482D4}.Debug|x64.ActiveCfg = Debug|Any CPU
		{1DCD22FD-1818-4C77-A024-DC5E5E6482D4}.Debug|x64.Build.0 = Debug|Any CPU
		{1DCD22FD-1818-4C77-A024-DC5E5E6482D4}.Debug|x86.ActiveCfg = Debug|Any CPU
		{1DCD22FD-1818-4C77-A024-DC5E5E6482D4}.Debug|x86.Build.0 = Debug|Any CPU
		{1DCD22FD-1818-4C77-A024-DC5E5E6482D4}.Release|Any CPU.ActiveCfg = Release|Any CPU
		{1DCD22FD-1818-4C77-A024-DC5E5E6482D4}.Release|Any CPU.Build.0 = Release|Any CPU
		{1DCD22FD-1818-4C77-A024-DC5E5E6482D4}.Release|x64.ActiveCfg = Release|Any CPU
		{1DCD22FD-1818-4C77-A024-DC5E5E6482D4}.Release|x64.Build.0 = Release|Any CPU
		{1DCD22FD-1818-4C77-A024-DC5E5E6482D4}.Release|x86.ActiveCfg = Release|Any CPU
		{1DCD22FD-1818-4C77-A024-DC5E5E6482D4}.Release|x86.Build.0 = Release|Any CPU
		{03D01FCD-A55A-4332-88FA-659744E1FA44}.Debug|Any CPU.ActiveCfg = Debug|Any CPU
		{03D01FCD-A55A-4332-88FA-659744E1FA44}.Debug|Any CPU.Build.0 = Debug|Any CPU
		{03D01FCD-A55A-4332-88FA-659744E1FA44}.Debug|x64.ActiveCfg = Debug|Any CPU
		{03D01FCD-A55A-4332-88FA-659744E1FA44}.Debug|x64.Build.0 = Debug|Any CPU
		{03D01FCD-A55A-4332-88FA-659744E1FA44}.Debug|x86.ActiveCfg = Debug|Any CPU
		{03D01FCD-A55A-4332-88FA-659744E1FA44}.Debug|x86.Build.0 = Debug|Any CPU
		{03D01FCD-A55A-4332-88FA-659744E1FA44}.Release|Any CPU.ActiveCfg = Release|Any CPU
		{03D01FCD-A55A-4332-88FA-659744E1FA44}.Release|Any CPU.Build.0 = Release|Any CPU
		{03D01FCD-A55A-4332-88FA-659744E1FA44}.Release|x64.ActiveCfg = Release|Any CPU
		{03D01FCD-A55A-4332-88FA-659744E1FA44}.Release|x64.Build.0 = Release|Any CPU
		{03D01FCD-A55A-4332-88FA-659744E1FA44}.Release|x86.ActiveCfg = Release|Any CPU
		{03D01FCD-A55A-4332-88FA-659744E1FA44}.Release|x86.Build.0 = Release|Any CPU
		{B8AFA199-0F4A-4103-9888-2C6D54AAE867}.Debug|Any CPU.ActiveCfg = Debug|Any CPU
		{B8AFA199-0F4A-4103-9888-2C6D54AAE867}.Debug|Any CPU.Build.0 = Debug|Any CPU
		{B8AFA199-0F4A-4103-9888-2C6D54AAE867}.Debug|x64.ActiveCfg = Debug|Any CPU
		{B8AFA199-0F4A-4103-9888-2C6D54AAE867}.Debug|x64.Build.0 = Debug|Any CPU
		{B8AFA199-0F4A-4103-9888-2C6D54AAE867}.Debug|x86.ActiveCfg = Debug|Any CPU
		{B8AFA199-0F4A-4103-9888-2C6D54AAE867}.Debug|x86.Build.0 = Debug|Any CPU
		{B8AFA199-0F4A-4103-9888-2C6D54AAE867}.Release|Any CPU.ActiveCfg = Release|Any CPU
		{B8AFA199-0F4A-4103-9888-2C6D54AAE867}.Release|Any CPU.Build.0 = Release|Any CPU
		{B8AFA199-0F4A-4103-9888-2C6D54AAE867}.Release|x64.ActiveCfg = Release|Any CPU
		{B8AFA199-0F4A-4103-9888-2C6D54AAE867}.Release|x64.Build.0 = Release|Any CPU
		{B8AFA199-0F4A-4103-9888-2C6D54AAE867}.Release|x86.ActiveCfg = Release|Any CPU
		{B8AFA199-0F4A-4103-9888-2C6D54AAE867}.Release|x86.Build.0 = Release|Any CPU
		{63CE2892-E223-45DE-8A03-06C8F46D0036}.Debug|Any CPU.ActiveCfg = Debug|Any CPU
		{63CE2892-E223-45DE-8A03-06C8F46D0036}.Debug|Any CPU.Build.0 = Debug|Any CPU
		{63CE2892-E223-45DE-8A03-06C8F46D0036}.Debug|x64.ActiveCfg = Debug|Any CPU
		{63CE2892-E223-45DE-8A03-06C8F46D0036}.Debug|x64.Build.0 = Debug|Any CPU
		{63CE2892-E223-45DE-8A03-06C8F46D0036}.Debug|x86.ActiveCfg = Debug|Any CPU
		{63CE2892-E223-45DE-8A03-06C8F46D0036}.Debug|x86.Build.0 = Debug|Any CPU
		{63CE2892-E223-45DE-8A03-06C8F46D0036}.Release|Any CPU.ActiveCfg = Release|Any CPU
		{63CE2892-E223-45DE-8A03-06C8F46D0036}.Release|Any CPU.Build.0 = Release|Any CPU
		{63CE2892-E223-45DE-8A03-06C8F46D0036}.Release|x64.ActiveCfg = Release|Any CPU
		{63CE2892-E223-45DE-8A03-06C8F46D0036}.Release|x64.Build.0 = Release|Any CPU
		{63CE2892-E223-45DE-8A03-06C8F46D0036}.Release|x86.ActiveCfg = Release|Any CPU
		{63CE2892-E223-45DE-8A03-06C8F46D0036}.Release|x86.Build.0 = Release|Any CPU
	EndGlobalSection
	GlobalSection(SolutionProperties) = preSolution
		HideSolutionNode = FALSE
	EndGlobalSection
	GlobalSection(NestedProjects) = preSolution
		{AEB94C66-A8F2-4684-BE2F-8D464A512DC4} = {37978533-6CEF-46D7-8A00-D4C403E9A1BD}
		{3F5C4937-8C82-40E6-861D-1678F08F171D} = {37978533-6CEF-46D7-8A00-D4C403E9A1BD}
		{51DE2D04-D85D-4B4B-B430-4C426A0EA505} = {37978533-6CEF-46D7-8A00-D4C403E9A1BD}
		{DCCB613C-C11E-45FA-8AA6-002BE8C3A973} = {37978533-6CEF-46D7-8A00-D4C403E9A1BD}
		{48B8FFCA-410D-4CE8-9E97-51FDBBE83D6C} = {37978533-6CEF-46D7-8A00-D4C403E9A1BD}
		{6A57912B-2A19-4EFE-BCDE-755FBA54BB3D} = {ADA4B71F-A85F-44D6-969A-976C34A660A5}
		{97429320-0017-4356-92DF-CAE200F04BA1} = {37978533-6CEF-46D7-8A00-D4C403E9A1BD}
		{03F09C87-D08C-4316-AACA-248862655640} = {37978533-6CEF-46D7-8A00-D4C403E9A1BD}
		{75ACD3B7-57C3-4438-AEF2-B7CD363F1D51} = {37978533-6CEF-46D7-8A00-D4C403E9A1BD}
		{1DCD22FD-1818-4C77-A024-DC5E5E6482D4} = {ADA4B71F-A85F-44D6-969A-976C34A660A5}
		{03D01FCD-A55A-4332-88FA-659744E1FA44} = {ADA4B71F-A85F-44D6-969A-976C34A660A5}
		{B8AFA199-0F4A-4103-9888-2C6D54AAE867} = {ADA4B71F-A85F-44D6-969A-976C34A660A5}
		{63CE2892-E223-45DE-8A03-06C8F46D0036} = {37978533-6CEF-46D7-8A00-D4C403E9A1BD}
	EndGlobalSection
	GlobalSection(ExtensibilityGlobals) = postSolution
		SolutionGuid = {000EA67D-DBD2-448C-9B2E-6393348CC090}
	EndGlobalSection
EndGlobal
